
Microsoft Visual Studio Solution File, Format Version 12.00
# Visual Studio Version 16
VisualStudioVersion = 16.0.30114.105
MinimumVisualStudioVersion = 10.0.40219.1
Project("{2150E333-8FDC-42A3-9474-1A3956D46DE8}") = "Loans", "Loans", "{C7F71709-B4B6-4BB7-8346-3E12780FBBC2}"
EndProject
Project("{2150E333-8FDC-42A3-9474-1A3956D46DE8}") = "Rules", "Rules", "{E206A4C8-D73F-4896-91AC-2B42ECB1D9AC}"
EndProject
Project("{9A19103F-16F7-4668-BE54-9A1E7A4F7556}") = "Loans.WebApi", "Loans.WebApi\Loans.WebApi.csproj", "{F2B243CC-153F-4E7B-A761-30AF8394D665}"
EndProject
Project("{9A19103F-16F7-4668-BE54-9A1E7A4F7556}") = "Loans.Service", "Loans.Service\Loans.Service.csproj", "{D4243D43-0A70-4037-B74C-4B978AA83E52}"
EndProject
Project("{9A19103F-16F7-4668-BE54-9A1E7A4F7556}") = "Loans.Data", "Loans.Data\Loans.Data.csproj", "{380AB5BE-EBD2-445F-905F-E1926A0878D6}"
EndProject
Project("{9A19103F-16F7-4668-BE54-9A1E7A4F7556}") = "Rules.WebApi", "Rules.WebApi\Rules.WebApi.csproj", "{9BB82031-3B17-4C4C-B1F3-67BC15EDB46D}"
EndProject
Project("{9A19103F-16F7-4668-BE54-9A1E7A4F7556}") = "Rules.Service", "Rules.Service\Rules.Service.csproj", "{ABB98719-6825-441E-8891-767D9A14AD83}"
EndProject
Project("{9A19103F-16F7-4668-BE54-9A1E7A4F7556}") = "Rules.Data", "Rules.Data\Rules.Data.csproj", "{C10DAEA4-A04D-496E-8EA9-D0D4923232C6}"
EndProject
Project("{9A19103F-16F7-4668-BE54-9A1E7A4F7556}") = "Rules.NSB", "Rules.NSB\Rules.NSB.csproj", "{3C5ED9BB-CE46-43E0-A0B9-168FCFF0B297}"
EndProject
Project("{9A19103F-16F7-4668-BE54-9A1E7A4F7556}") = "Messages", "Messages\Messages.csproj", "{DD726506-450E-47FF-B099-F39D2E068403}"
EndProject
Project("{9A19103F-16F7-4668-BE54-9A1E7A4F7556}") = "Enums", "Enums\Enums.csproj", "{1261BE69-8252-44FB-972A-49CB2C51079B}"
EndProject
Project("{9A19103F-16F7-4668-BE54-9A1E7A4F7556}") = "Loans.NSB", "Loans.NSB\Loans.NSB.csproj", "{A456BCB7-3A7F-4779-975C-449E558423C4}"
EndProject
Project("{9A19103F-16F7-4668-BE54-9A1E7A4F7556}") = "Exceptions", "Exceptions\Exceptions.csproj", "{D616351A-F74A-474F-873C-AC94E8539C54}"
EndProject
Global
	GlobalSection(SolutionConfigurationPlatforms) = preSolution
		Debug|Any CPU = Debug|Any CPU
		Release|Any CPU = Release|Any CPU
	EndGlobalSection
	GlobalSection(ProjectConfigurationPlatforms) = postSolution
		{F2B243CC-153F-4E7B-A761-30AF8394D665}.Debug|Any CPU.ActiveCfg = Debug|Any CPU
		{F2B243CC-153F-4E7B-A761-30AF8394D665}.Debug|Any CPU.Build.0 = Debug|Any CPU
		{F2B243CC-153F-4E7B-A761-30AF8394D665}.Release|Any CPU.ActiveCfg = Release|Any CPU
		{F2B243CC-153F-4E7B-A761-30AF8394D665}.Release|Any CPU.Build.0 = Release|Any CPU
		{D4243D43-0A70-4037-B74C-4B978AA83E52}.Debug|Any CPU.ActiveCfg = Debug|Any CPU
		{D4243D43-0A70-4037-B74C-4B978AA83E52}.Debug|Any CPU.Build.0 = Debug|Any CPU
		{D4243D43-0A70-4037-B74C-4B978AA83E52}.Release|Any CPU.ActiveCfg = Release|Any CPU
		{D4243D43-0A70-4037-B74C-4B978AA83E52}.Release|Any CPU.Build.0 = Release|Any CPU
		{380AB5BE-EBD2-445F-905F-E1926A0878D6}.Debug|Any CPU.ActiveCfg = Debug|Any CPU
		{380AB5BE-EBD2-445F-905F-E1926A0878D6}.Debug|Any CPU.Build.0 = Debug|Any CPU
		{380AB5BE-EBD2-445F-905F-E1926A0878D6}.Release|Any CPU.ActiveCfg = Release|Any CPU
		{380AB5BE-EBD2-445F-905F-E1926A0878D6}.Release|Any CPU.Build.0 = Release|Any CPU
		{9BB82031-3B17-4C4C-B1F3-67BC15EDB46D}.Debug|Any CPU.ActiveCfg = Debug|Any CPU
		{9BB82031-3B17-4C4C-B1F3-67BC15EDB46D}.Debug|Any CPU.Build.0 = Debug|Any CPU
		{9BB82031-3B17-4C4C-B1F3-67BC15EDB46D}.Release|Any CPU.ActiveCfg = Release|Any CPU
		{9BB82031-3B17-4C4C-B1F3-67BC15EDB46D}.Release|Any CPU.Build.0 = Release|Any CPU
		{ABB98719-6825-441E-8891-767D9A14AD83}.Debug|Any CPU.ActiveCfg = Debug|Any CPU
		{ABB98719-6825-441E-8891-767D9A14AD83}.Debug|Any CPU.Build.0 = Debug|Any CPU
		{ABB98719-6825-441E-8891-767D9A14AD83}.Release|Any CPU.ActiveCfg = Release|Any CPU
		{ABB98719-6825-441E-8891-767D9A14AD83}.Release|Any CPU.Build.0 = Release|Any CPU
		{C10DAEA4-A04D-496E-8EA9-D0D4923232C6}.Debug|Any CPU.ActiveCfg = Debug|Any CPU
		{C10DAEA4-A04D-496E-8EA9-D0D4923232C6}.Debug|Any CPU.Build.0 = Debug|Any CPU
		{C10DAEA4-A04D-496E-8EA9-D0D4923232C6}.Release|Any CPU.ActiveCfg = Release|Any CPU
		{C10DAEA4-A04D-496E-8EA9-D0D4923232C6}.Release|Any CPU.Build.0 = Release|Any CPU
		{3C5ED9BB-CE46-43E0-A0B9-168FCFF0B297}.Debug|Any CPU.ActiveCfg = Debug|Any CPU
		{3C5ED9BB-CE46-43E0-A0B9-168FCFF0B297}.Debug|Any CPU.Build.0 = Debug|Any CPU
		{3C5ED9BB-CE46-43E0-A0B9-168FCFF0B297}.Release|Any CPU.ActiveCfg = Release|Any CPU
		{3C5ED9BB-CE46-43E0-A0B9-168FCFF0B297}.Release|Any CPU.Build.0 = Release|Any CPU
		{DD726506-450E-47FF-B099-F39D2E068403}.Debug|Any CPU.ActiveCfg = Debug|Any CPU
		{DD726506-450E-47FF-B099-F39D2E068403}.Debug|Any CPU.Build.0 = Debug|Any CPU
		{DD726506-450E-47FF-B099-F39D2E068403}.Release|Any CPU.ActiveCfg = Release|Any CPU
		{DD726506-450E-47FF-B099-F39D2E068403}.Release|Any CPU.Build.0 = Release|Any CPU
		{1261BE69-8252-44FB-972A-49CB2C51079B}.Debug|Any CPU.ActiveCfg = Debug|Any CPU
		{1261BE69-8252-44FB-972A-49CB2C51079B}.Debug|Any CPU.Build.0 = Debug|Any CPU
		{1261BE69-8252-44FB-972A-49CB2C51079B}.Release|Any CPU.ActiveCfg = Release|Any CPU
		{1261BE69-8252-44FB-972A-49CB2C51079B}.Release|Any CPU.Build.0 = Release|Any CPU
		{A456BCB7-3A7F-4779-975C-449E558423C4}.Debug|Any CPU.ActiveCfg = Debug|Any CPU
		{A456BCB7-3A7F-4779-975C-449E558423C4}.Debug|Any CPU.Build.0 = Debug|Any CPU
		{A456BCB7-3A7F-4779-975C-449E558423C4}.Release|Any CPU.ActiveCfg = Release|Any CPU
		{A456BCB7-3A7F-4779-975C-449E558423C4}.Release|Any CPU.Build.0 = Release|Any CPU
		{D616351A-F74A-474F-873C-AC94E8539C54}.Debug|Any CPU.ActiveCfg = Debug|Any CPU
		{D616351A-F74A-474F-873C-AC94E8539C54}.Debug|Any CPU.Build.0 = Debug|Any CPU
		{D616351A-F74A-474F-873C-AC94E8539C54}.Release|Any CPU.ActiveCfg = Release|Any CPU
		{D616351A-F74A-474F-873C-AC94E8539C54}.Release|Any CPU.Build.0 = Release|Any CPU
	EndGlobalSection
	GlobalSection(SolutionProperties) = preSolution
		HideSolutionNode = FALSE
	EndGlobalSection
	GlobalSection(NestedProjects) = preSolution
		{F2B243CC-153F-4E7B-A761-30AF8394D665} = {C7F71709-B4B6-4BB7-8346-3E12780FBBC2}
		{D4243D43-0A70-4037-B74C-4B978AA83E52} = {C7F71709-B4B6-4BB7-8346-3E12780FBBC2}
		{380AB5BE-EBD2-445F-905F-E1926A0878D6} = {C7F71709-B4B6-4BB7-8346-3E12780FBBC2}
		{9BB82031-3B17-4C4C-B1F3-67BC15EDB46D} = {E206A4C8-D73F-4896-91AC-2B42ECB1D9AC}
		{ABB98719-6825-441E-8891-767D9A14AD83} = {E206A4C8-D73F-4896-91AC-2B42ECB1D9AC}
		{C10DAEA4-A04D-496E-8EA9-D0D4923232C6} = {E206A4C8-D73F-4896-91AC-2B42ECB1D9AC}
		{3C5ED9BB-CE46-43E0-A0B9-168FCFF0B297} = {E206A4C8-D73F-4896-91AC-2B42ECB1D9AC}
		{A456BCB7-3A7F-4779-975C-449E558423C4} = {C7F71709-B4B6-4BB7-8346-3E12780FBBC2}
	EndGlobalSection
	GlobalSection(ExtensibilityGlobals) = postSolution
		SolutionGuid = {59FB2DC2-3182-49D4-B3E5-A0CABFC91792}
	EndGlobalSection
EndGlobal
